
Microsoft Visual Studio Solution File, Format Version 12.00
# Visual Studio Version 17
VisualStudioVersion = 17.4.33213.308
MinimumVisualStudioVersion = 10.0.40219.1
Project("{FAE04EC0-301F-11D3-BF4B-00C04F79EFBC}") = "UserRegistrationUsingMSTest", "UserRegistrationUsingMSTest\UserRegistrationUsingMSTest.csproj", "{E44AA5CE-B37B-46C6-9099-7D65D87C0309}"
EndProject
Project("{FAE04EC0-301F-11D3-BF4B-00C04F79EFBC}") = "UserRegistrationTest", "UserRegistrationTest\UserRegistrationTest.csproj", "{AF4568FE-FAB7-4F5F-9782-0F9CFFEFDE00}"
EndProject
Global
	GlobalSection(SolutionConfigurationPlatforms) = preSolution
		Debug|Any CPU = Debug|Any CPU
		Release|Any CPU = Release|Any CPU
	EndGlobalSection
	GlobalSection(ProjectConfigurationPlatforms) = postSolution
		{E44AA5CE-B37B-46C6-9099-7D65D87C0309}.Debug|Any CPU.ActiveCfg = Debug|Any CPU
		{E44AA5CE-B37B-46C6-9099-7D65D87C0309}.Debug|Any CPU.Build.0 = Debug|Any CPU
		{E44AA5CE-B37B-46C6-9099-7D65D87C0309}.Release|Any CPU.ActiveCfg = Release|Any CPU
		{E44AA5CE-B37B-46C6-9099-7D65D87C0309}.Release|Any CPU.Build.0 = Release|Any CPU
		{AF4568FE-FAB7-4F5F-9782-0F9CFFEFDE00}.Debug|Any CPU.ActiveCfg = Debug|Any CPU
		{AF4568FE-FAB7-4F5F-9782-0F9CFFEFDE00}.Debug|Any CPU.Build.0 = Debug|Any CPU
		{AF4568FE-FAB7-4F5F-9782-0F9CFFEFDE00}.Release|Any CPU.ActiveCfg = Release|Any CPU
		{AF4568FE-FAB7-4F5F-9782-0F9CFFEFDE00}.Release|Any CPU.Build.0 = Release|Any CPU
	EndGlobalSection
	GlobalSection(SolutionProperties) = preSolution
		HideSolutionNode = FALSE
	EndGlobalSection
	GlobalSection(ExtensibilityGlobals) = postSolution
		SolutionGuid = {9D151858-BBFB-4E2F-902C-DAE5F5D08230}
	EndGlobalSection
EndGlobal
